
Microsoft Visual Studio Solution File, Format Version 12.00
# Visual Studio Version 17
VisualStudioVersion = 17.5.33414.496
MinimumVisualStudioVersion = 10.0.40219.1
Project("{FAE04EC0-301F-11D3-BF4B-00C04F79EFBC}") = "Lab10", "Lab10.csproj", "{880A20CF-E327-4FCA-90B1-F5461B5B0E7C}"
EndProject
Global
	GlobalSection(SolutionConfigurationPlatforms) = preSolution
		Debug|Any CPU = Debug|Any CPU
		Release|Any CPU = Release|Any CPU
	EndGlobalSection
	GlobalSection(ProjectConfigurationPlatforms) = postSolution
		{880A20CF-E327-4FCA-90B1-F5461B5B0E7C}.Debug|Any CPU.ActiveCfg = Debug|Any CPU
		{880A20CF-E327-4FCA-90B1-F5461B5B0E7C}.Debug|Any CPU.Build.0 = Debug|Any CPU
		{880A20CF-E327-4FCA-90B1-F5461B5B0E7C}.Release|Any CPU.ActiveCfg = Release|Any CPU
		{880A20CF-E327-4FCA-90B1-F5461B5B0E7C}.Release|Any CPU.Build.0 = Release|Any CPU
	EndGlobalSection
	GlobalSection(SolutionProperties) = preSolution
		HideSolutionNode = FALSE
	EndGlobalSection
	GlobalSection(ExtensibilityGlobals) = postSolution
		SolutionGuid = {AE8F15AB-2D7A-4888-831C-0C51E9BFB7CD}
	EndGlobalSection
EndGlobal
